
Microsoft Visual Studio Solution File, Format Version 12.00
# Visual Studio Version 17
VisualStudioVersion = 17.6.33815.320
MinimumVisualStudioVersion = 10.0.40219.1
Project("{FAE04EC0-301F-11D3-BF4B-00C04F79EFBC}") = "RandomStringConsoleApp", "RandomStringConsoleApp\RandomStringConsoleApp.csproj", "{0F45B9B4-F389-4B36-BCC3-A087A2211FEE}"
EndProject
Global
	GlobalSection(SolutionConfigurationPlatforms) = preSolution
		Debug|Any CPU = Debug|Any CPU
		Release|Any CPU = Release|Any CPU
	EndGlobalSection
	GlobalSection(ProjectConfigurationPlatforms) = postSolution
		{0F45B9B4-F389-4B36-BCC3-A087A2211FEE}.Debug|Any CPU.ActiveCfg = Debug|Any CPU
		{0F45B9B4-F389-4B36-BCC3-A087A2211FEE}.Debug|Any CPU.Build.0 = Debug|Any CPU
		{0F45B9B4-F389-4B36-BCC3-A087A2211FEE}.Release|Any CPU.ActiveCfg = Release|Any CPU
		{0F45B9B4-F389-4B36-BCC3-A087A2211FEE}.Release|Any CPU.Build.0 = Release|Any CPU
	EndGlobalSection
	GlobalSection(SolutionProperties) = preSolution
		HideSolutionNode = FALSE
	EndGlobalSection
	GlobalSection(ExtensibilityGlobals) = postSolution
		SolutionGuid = {BA64C77D-7A4D-4E98-80E4-3E89DB5E6B75}
	EndGlobalSection
EndGlobal
